
Microsoft Visual Studio Solution File, Format Version 12.00
# Visual Studio Version 17
VisualStudioVersion = 17.1.32414.318
MinimumVisualStudioVersion = 10.0.40219.1
Project("{FAE04EC0-301F-11D3-BF4B-00C04F79EFBC}") = "OctopusTest", "OctopusTest.csproj", "{19F8DA53-CBCF-4BD2-BC78-89D5D96B28C1}"
EndProject
Global
	GlobalSection(SolutionConfigurationPlatforms) = preSolution
		Debug|Any CPU = Debug|Any CPU
		Release|Any CPU = Release|Any CPU
	EndGlobalSection
	GlobalSection(ProjectConfigurationPlatforms) = postSolution
		{19F8DA53-CBCF-4BD2-BC78-89D5D96B28C1}.Debug|Any CPU.ActiveCfg = Debug|Any CPU
		{19F8DA53-CBCF-4BD2-BC78-89D5D96B28C1}.Debug|Any CPU.Build.0 = Debug|Any CPU
		{19F8DA53-CBCF-4BD2-BC78-89D5D96B28C1}.Release|Any CPU.ActiveCfg = Release|Any CPU
		{19F8DA53-CBCF-4BD2-BC78-89D5D96B28C1}.Release|Any CPU.Build.0 = Release|Any CPU
	EndGlobalSection
	GlobalSection(SolutionProperties) = preSolution
		HideSolutionNode = FALSE
	EndGlobalSection
	GlobalSection(ExtensibilityGlobals) = postSolution
		SolutionGuid = {42996D83-0779-4385-98D4-529D08F71E2C}
	EndGlobalSection
EndGlobal
